
Microsoft Visual Studio Solution File, Format Version 12.00
# Visual Studio 2012
Project("{FAE04EC0-301F-11D3-BF4B-00C04F79EFBC}") = "Hanasu.W8", "src\W8\Hanasu\Hanasu.W8.csproj", "{DFBB3459-C292-4080-A077-362F2E7DD44B}"
EndProject
Project("{2150E333-8FDC-42A3-9474-1A3956D46DE8}") = "Dependencies", "Dependencies", "{200088CB-9153-47A0-A77F-F44990139533}"
EndProject
Project("{FAE04EC0-301F-11D3-BF4B-00C04F79EFBC}") = "Crystal.W8Metro", "..\Crystal\src\Crystal.W8Metro\Crystal.W8Metro.csproj", "{4D1B194D-28DB-4A93-93A1-83EF90302F6B}"
EndProject
Project("{2150E333-8FDC-42A3-9474-1A3956D46DE8}") = "Background Tasks (W8)", "Background Tasks (W8)", "{4D5DFD16-7EC8-483C-9F91-86E1167AC3CC}"
EndProject
Project("{FAE04EC0-301F-11D3-BF4B-00C04F79EFBC}") = "Hanasu.NewStationsCheckTask", "src\W8\BackgroundTasks\Hanasu.NewStationsCheckTask\Hanasu.NewStationsCheckTask.csproj", "{CEAD1353-80CD-4CF8-8A71-3347265574A8}"
EndProject
Project("{FAE04EC0-301F-11D3-BF4B-00C04F79EFBC}") = "Hanasu", "src\WPF\Hanasu\Hanasu.csproj", "{1D24A694-EC96-4171-9C24-328A91A88C48}"
EndProject
Project("{FAE04EC0-301F-11D3-BF4B-00C04F79EFBC}") = "Crystal", "..\Crystal\src\Crystal\Crystal.csproj", "{8C5A2D35-824E-4F52-9B18-B1AA19C42BDA}"
EndProject
Project("{FAE04EC0-301F-11D3-BF4B-00C04F79EFBC}") = "Crystal.WP8", "lib\Crystal\src\Crystal.WP8\Crystal.WP8.csproj", "{9BDB1749-97EF-43BD-9E0C-E5DCD552D6FC}"
EndProject
Project("{FAE04EC0-301F-11D3-BF4B-00C04F79EFBC}") = "HanasuWP8", "src\WP8\HanasuWP8\HanasuWP8.csproj", "{3BABC988-5FDE-4FFF-AF37-E9B62BC6E7F0}"
EndProject
Project("{2150E333-8FDC-42A3-9474-1A3956D46DE8}") = "WP8 Stuff", "WP8 Stuff", "{685A7992-9EAC-4CC2-85A1-9F2526068389}"
EndProject
Project("{FAE04EC0-301F-11D3-BF4B-00C04F79EFBC}") = "HanasuWP8.AudioPlaybackAgent", "src\WP8\HanasuWP8.AudioPlaybackAgent\HanasuWP8.AudioPlaybackAgent.csproj", "{7A7BADA8-87A9-49E2-B939-5234276FF37C}"
EndProject
Project("{FAE04EC0-301F-11D3-BF4B-00C04F79EFBC}") = "HanasuWP8.AudioStreamAgent", "src\WP8\HanasuWP8.AudioStreamingAgent\HanasuWP8.AudioStreamAgent.csproj", "{8D2E234F-3142-44FF-9BC6-B24BFCD22E1A}"
EndProject
Project("{FAE04EC0-301F-11D3-BF4B-00C04F79EFBC}") = "Silverlight.Media.Shoutcast.Phone", "..\..\..\..\Downloads\shoutcastmss-14819\Dev\Dev\Src\Silverlight.Media.Shoutcast\Silverlight.Media.Shoutcast.Phone.csproj", "{05CC4102-451C-4EB5-8FEA-614F5B49AB2D}"
EndProject
Project("{2150E333-8FDC-42A3-9474-1A3956D46DE8}") = ".nuget", ".nuget", "{B2A8B4E8-9A95-4413-9E9F-7A5A09BA7534}"
	ProjectSection(SolutionItems) = preProject
		.nuget\NuGet.Config = .nuget\NuGet.Config
		.nuget\NuGet.exe = .nuget\NuGet.exe
		.nuget\NuGet.targets = .nuget\NuGet.targets
	EndProjectSection
EndProject
Project("{8BC9CEB8-8B4A-11D0-8D11-00A0C91BC942}") = "IpcWrapper", "lib\IpcWrapper\IpcWrapper.vcxproj", "{0B31880A-1980-42C9-8261-B4DC43F8E577}"
EndProject
Global
	GlobalSection(SolutionConfigurationPlatforms) = preSolution
		Debug_.NET 4.5|Any CPU = Debug_.NET 4.5|Any CPU
		Debug_.NET 4.5|ARM = Debug_.NET 4.5|ARM
		Debug_.NET 4.5|Mixed Platforms = Debug_.NET 4.5|Mixed Platforms
		Debug_.NET 4.5|Win32 = Debug_.NET 4.5|Win32
		Debug_.NET 4.5|x64 = Debug_.NET 4.5|x64
		Debug_.NET 4.5|x86 = Debug_.NET 4.5|x86
		Debug|Any CPU = Debug|Any CPU
		Debug|ARM = Debug|ARM
		Debug|Mixed Platforms = Debug|Mixed Platforms
		Debug|Win32 = Debug|Win32
		Debug|x64 = Debug|x64
		Debug|x86 = Debug|x86
		Release|Any CPU = Release|Any CPU
		Release|ARM = Release|ARM
		Release|Mixed Platforms = Release|Mixed Platforms
		Release|Win32 = Release|Win32
		Release|x64 = Release|x64
		Release|x86 = Release|x86
	EndGlobalSection
	GlobalSection(ProjectConfigurationPlatforms) = postSolution
		{DFBB3459-C292-4080-A077-362F2E7DD44B}.Debug_.NET 4.5|Any CPU.ActiveCfg = Debug|Any CPU
		{DFBB3459-C292-4080-A077-362F2E7DD44B}.Debug_.NET 4.5|ARM.ActiveCfg = Debug|ARM
		{DFBB3459-C292-4080-A077-362F2E7DD44B}.Debug_.NET 4.5|Mixed Platforms.ActiveCfg = Debug|x86
		{DFBB3459-C292-4080-A077-362F2E7DD44B}.Debug_.NET 4.5|Win32.ActiveCfg = Debug|x86
		{DFBB3459-C292-4080-A077-362F2E7DD44B}.Debug_.NET 4.5|x64.ActiveCfg = Debug|x64
		{DFBB3459-C292-4080-A077-362F2E7DD44B}.Debug_.NET 4.5|x86.ActiveCfg = Debug|x86
		{DFBB3459-C292-4080-A077-362F2E7DD44B}.Debug|Any CPU.ActiveCfg = Debug|Any CPU
		{DFBB3459-C292-4080-A077-362F2E7DD44B}.Debug|Any CPU.Build.0 = Debug|Any CPU
		{DFBB3459-C292-4080-A077-362F2E7DD44B}.Debug|Any CPU.Deploy.0 = Debug|Any CPU
		{DFBB3459-C292-4080-A077-362F2E7DD44B}.Debug|ARM.ActiveCfg = Debug|ARM
		{DFBB3459-C292-4080-A077-362F2E7DD44B}.Debug|ARM.Build.0 = Debug|ARM
		{DFBB3459-C292-4080-A077-362F2E7DD44B}.Debug|ARM.Deploy.0 = Debug|ARM
		{DFBB3459-C292-4080-A077-362F2E7DD44B}.Debug|Mixed Platforms.ActiveCfg = Debug|x86
		{DFBB3459-C292-4080-A077-362F2E7DD44B}.Debug|Win32.ActiveCfg = Debug|x86
		{DFBB3459-C292-4080-A077-362F2E7DD44B}.Debug|x64.ActiveCfg = Debug|x64
		{DFBB3459-C292-4080-A077-362F2E7DD44B}.Debug|x64.Build.0 = Debug|x64
		{DFBB3459-C292-4080-A077-362F2E7DD44B}.Debug|x64.Deploy.0 = Debug|x64
		{DFBB3459-C292-4080-A077-362F2E7DD44B}.Debug|x86.ActiveCfg = Debug|x86
		{DFBB3459-C292-4080-A077-362F2E7DD44B}.Debug|x86.Build.0 = Debug|x86
		{DFBB3459-C292-4080-A077-362F2E7DD44B}.Debug|x86.Deploy.0 = Debug|x86
		{DFBB3459-C292-4080-A077-362F2E7DD44B}.Release|Any CPU.ActiveCfg = Release|Any CPU
		{DFBB3459-C292-4080-A077-362F2E7DD44B}.Release|Any CPU.Build.0 = Release|Any CPU
		{DFBB3459-C292-4080-A077-362F2E7DD44B}.Release|Any CPU.Deploy.0 = Release|Any CPU
		{DFBB3459-C292-4080-A077-362F2E7DD44B}.Release|ARM.ActiveCfg = Release|ARM
		{DFBB3459-C292-4080-A077-362F2E7DD44B}.Release|ARM.Build.0 = Release|ARM
		{DFBB3459-C292-4080-A077-362F2E7DD44B}.Release|ARM.Deploy.0 = Release|ARM
		{DFBB3459-C292-4080-A077-362F2E7DD44B}.Release|Mixed Platforms.ActiveCfg = Release|x86
		{DFBB3459-C292-4080-A077-362F2E7DD44B}.Release|Win32.ActiveCfg = Release|x86
		{DFBB3459-C292-4080-A077-362F2E7DD44B}.Release|x64.ActiveCfg = Release|x64
		{DFBB3459-C292-4080-A077-362F2E7DD44B}.Release|x64.Build.0 = Release|x64
		{DFBB3459-C292-4080-A077-362F2E7DD44B}.Release|x64.Deploy.0 = Release|x64
		{DFBB3459-C292-4080-A077-362F2E7DD44B}.Release|x86.ActiveCfg = Release|x86
		{DFBB3459-C292-4080-A077-362F2E7DD44B}.Release|x86.Build.0 = Release|x86
		{DFBB3459-C292-4080-A077-362F2E7DD44B}.Release|x86.Deploy.0 = Release|x86
		{4D1B194D-28DB-4A93-93A1-83EF90302F6B}.Debug_.NET 4.5|Any CPU.ActiveCfg = Debug|Any CPU
		{4D1B194D-28DB-4A93-93A1-83EF90302F6B}.Debug_.NET 4.5|ARM.ActiveCfg = Debug|ARM
		{4D1B194D-28DB-4A93-93A1-83EF90302F6B}.Debug_.NET 4.5|Mixed Platforms.ActiveCfg = Debug|x86
		{4D1B194D-28DB-4A93-93A1-83EF90302F6B}.Debug_.NET 4.5|Win32.ActiveCfg = Debug|x86
		{4D1B194D-28DB-4A93-93A1-83EF90302F6B}.Debug_.NET 4.5|x64.ActiveCfg = Debug|x64
		{4D1B194D-28DB-4A93-93A1-83EF90302F6B}.Debug_.NET 4.5|x86.ActiveCfg = Debug|x86
		{4D1B194D-28DB-4A93-93A1-83EF90302F6B}.Debug|Any CPU.ActiveCfg = Debug|Any CPU
		{4D1B194D-28DB-4A93-93A1-83EF90302F6B}.Debug|Any CPU.Build.0 = Debug|Any CPU
		{4D1B194D-28DB-4A93-93A1-83EF90302F6B}.Debug|ARM.ActiveCfg = Debug|ARM
		{4D1B194D-28DB-4A93-93A1-83EF90302F6B}.Debug|ARM.Build.0 = Debug|ARM
		{4D1B194D-28DB-4A93-93A1-83EF90302F6B}.Debug|Mixed Platforms.ActiveCfg = Debug|x86
		{4D1B194D-28DB-4A93-93A1-83EF90302F6B}.Debug|Win32.ActiveCfg = Debug|x86
		{4D1B194D-28DB-4A93-93A1-83EF90302F6B}.Debug|x64.ActiveCfg = Debug|x64
		{4D1B194D-28DB-4A93-93A1-83EF90302F6B}.Debug|x64.Build.0 = Debug|x64
		{4D1B194D-28DB-4A93-93A1-83EF90302F6B}.Debug|x86.ActiveCfg = Debug|x86
		{4D1B194D-28DB-4A93-93A1-83EF90302F6B}.Debug|x86.Build.0 = Debug|x86
		{4D1B194D-28DB-4A93-93A1-83EF90302F6B}.Release|Any CPU.ActiveCfg = Release|Any CPU
		{4D1B194D-28DB-4A93-93A1-83EF90302F6B}.Release|Any CPU.Build.0 = Release|Any CPU
		{4D1B194D-28DB-4A93-93A1-83EF90302F6B}.Release|ARM.ActiveCfg = Release|ARM
		{4D1B194D-28DB-4A93-93A1-83EF90302F6B}.Release|ARM.Build.0 = Release|ARM
		{4D1B194D-28DB-4A93-93A1-83EF90302F6B}.Release|Mixed Platforms.ActiveCfg = Release|x86
		{4D1B194D-28DB-4A93-93A1-83EF90302F6B}.Release|Win32.ActiveCfg = Release|x86
		{4D1B194D-28DB-4A93-93A1-83EF90302F6B}.Release|x64.ActiveCfg = Release|x64
		{4D1B194D-28DB-4A93-93A1-83EF90302F6B}.Release|x64.Build.0 = Release|x64
		{4D1B194D-28DB-4A93-93A1-83EF90302F6B}.Release|x86.ActiveCfg = Release|x86
		{4D1B194D-28DB-4A93-93A1-83EF90302F6B}.Release|x86.Build.0 = Release|x86
		{CEAD1353-80CD-4CF8-8A71-3347265574A8}.Debug_.NET 4.5|Any CPU.ActiveCfg = Debug|Any CPU
		{CEAD1353-80CD-4CF8-8A71-3347265574A8}.Debug_.NET 4.5|ARM.ActiveCfg = Debug|ARM
		{CEAD1353-80CD-4CF8-8A71-3347265574A8}.Debug_.NET 4.5|Mixed Platforms.ActiveCfg = Debug|x86
		{CEAD1353-80CD-4CF8-8A71-3347265574A8}.Debug_.NET 4.5|Win32.ActiveCfg = Debug|x86
		{CEAD1353-80CD-4CF8-8A71-3347265574A8}.Debug_.NET 4.5|x64.ActiveCfg = Debug|x64
		{CEAD1353-80CD-4CF8-8A71-3347265574A8}.Debug_.NET 4.5|x86.ActiveCfg = Debug|x86
		{CEAD1353-80CD-4CF8-8A71-3347265574A8}.Debug|Any CPU.ActiveCfg = Debug|Any CPU
		{CEAD1353-80CD-4CF8-8A71-3347265574A8}.Debug|Any CPU.Build.0 = Debug|Any CPU
		{CEAD1353-80CD-4CF8-8A71-3347265574A8}.Debug|ARM.ActiveCfg = Debug|ARM
		{CEAD1353-80CD-4CF8-8A71-3347265574A8}.Debug|ARM.Build.0 = Debug|ARM
		{CEAD1353-80CD-4CF8-8A71-3347265574A8}.Debug|Mixed Platforms.ActiveCfg = Debug|x86
		{CEAD1353-80CD-4CF8-8A71-3347265574A8}.Debug|Win32.ActiveCfg = Debug|x86
		{CEAD1353-80CD-4CF8-8A71-3347265574A8}.Debug|x64.ActiveCfg = Debug|x64
		{CEAD1353-80CD-4CF8-8A71-3347265574A8}.Debug|x64.Build.0 = Debug|x64
		{CEAD1353-80CD-4CF8-8A71-3347265574A8}.Debug|x86.ActiveCfg = Debug|x86
		{CEAD1353-80CD-4CF8-8A71-3347265574A8}.Debug|x86.Build.0 = Debug|x86
		{CEAD1353-80CD-4CF8-8A71-3347265574A8}.Release|Any CPU.ActiveCfg = Release|Any CPU
		{CEAD1353-80CD-4CF8-8A71-3347265574A8}.Release|Any CPU.Build.0 = Release|Any CPU
		{CEAD1353-80CD-4CF8-8A71-3347265574A8}.Release|ARM.ActiveCfg = Release|ARM
		{CEAD1353-80CD-4CF8-8A71-3347265574A8}.Release|ARM.Build.0 = Release|ARM
		{CEAD1353-80CD-4CF8-8A71-3347265574A8}.Release|Mixed Platforms.ActiveCfg = Release|x86
		{CEAD1353-80CD-4CF8-8A71-3347265574A8}.Release|Win32.ActiveCfg = Release|x86
		{CEAD1353-80CD-4CF8-8A71-3347265574A8}.Release|x64.ActiveCfg = Release|x64
		{CEAD1353-80CD-4CF8-8A71-3347265574A8}.Release|x64.Build.0 = Release|x64
		{CEAD1353-80CD-4CF8-8A71-3347265574A8}.Release|x86.ActiveCfg = Release|x86
		{CEAD1353-80CD-4CF8-8A71-3347265574A8}.Release|x86.Build.0 = Release|x86
		{1D24A694-EC96-4171-9C24-328A91A88C48}.Debug_.NET 4.5|Any CPU.ActiveCfg = Debug|Any CPU
		{1D24A694-EC96-4171-9C24-328A91A88C48}.Debug_.NET 4.5|Any CPU.Build.0 = Debug|Any CPU
		{1D24A694-EC96-4171-9C24-328A91A88C48}.Debug_.NET 4.5|ARM.ActiveCfg = Debug|Any CPU
		{1D24A694-EC96-4171-9C24-328A91A88C48}.Debug_.NET 4.5|Mixed Platforms.ActiveCfg = Debug|Any CPU
		{1D24A694-EC96-4171-9C24-328A91A88C48}.Debug_.NET 4.5|Mixed Platforms.Build.0 = Debug|Any CPU
		{1D24A694-EC96-4171-9C24-328A91A88C48}.Debug_.NET 4.5|Win32.ActiveCfg = Debug|Any CPU
		{1D24A694-EC96-4171-9C24-328A91A88C48}.Debug_.NET 4.5|x64.ActiveCfg = Debug|Any CPU
		{1D24A694-EC96-4171-9C24-328A91A88C48}.Debug_.NET 4.5|x86.ActiveCfg = Debug|Any CPU
		{1D24A694-EC96-4171-9C24-328A91A88C48}.Debug|Any CPU.ActiveCfg = Debug|Any CPU
		{1D24A694-EC96-4171-9C24-328A91A88C48}.Debug|Any CPU.Build.0 = Debug|Any CPU
		{1D24A694-EC96-4171-9C24-328A91A88C48}.Debug|ARM.ActiveCfg = Debug|Any CPU
		{1D24A694-EC96-4171-9C24-328A91A88C48}.Debug|Mixed Platforms.ActiveCfg = Debug|Any CPU
		{1D24A694-EC96-4171-9C24-328A91A88C48}.Debug|Mixed Platforms.Build.0 = Debug|Any CPU
		{1D24A694-EC96-4171-9C24-328A91A88C48}.Debug|Win32.ActiveCfg = Debug|Any CPU
		{1D24A694-EC96-4171-9C24-328A91A88C48}.Debug|x64.ActiveCfg = Debug|Any CPU
		{1D24A694-EC96-4171-9C24-328A91A88C48}.Debug|x86.ActiveCfg = Debug|Any CPU
		{1D24A694-EC96-4171-9C24-328A91A88C48}.Release|Any CPU.ActiveCfg = Release|Any CPU
		{1D24A694-EC96-4171-9C24-328A91A88C48}.Release|Any CPU.Build.0 = Release|Any CPU
		{1D24A694-EC96-4171-9C24-328A91A88C48}.Release|ARM.ActiveCfg = Release|Any CPU
		{1D24A694-EC96-4171-9C24-328A91A88C48}.Release|Mixed Platforms.ActiveCfg = Release|Any CPU
		{1D24A694-EC96-4171-9C24-328A91A88C48}.Release|Mixed Platforms.Build.0 = Release|Any CPU
		{1D24A694-EC96-4171-9C24-328A91A88C48}.Release|Win32.ActiveCfg = Release|Any CPU
		{1D24A694-EC96-4171-9C24-328A91A88C48}.Release|x64.ActiveCfg = Release|Any CPU
		{1D24A694-EC96-4171-9C24-328A91A88C48}.Release|x86.ActiveCfg = Release|Any CPU
		{8C5A2D35-824E-4F52-9B18-B1AA19C42BDA}.Debug_.NET 4.5|Any CPU.ActiveCfg = Debug_.NET 4.5|Any CPU
		{8C5A2D35-824E-4F52-9B18-B1AA19C42BDA}.Debug_.NET 4.5|Any CPU.Build.0 = Debug_.NET 4.5|Any CPU
		{8C5A2D35-824E-4F52-9B18-B1AA19C42BDA}.Debug_.NET 4.5|ARM.ActiveCfg = Debug_.NET 4.5|Any CPU
		{8C5A2D35-824E-4F52-9B18-B1AA19C42BDA}.Debug_.NET 4.5|Mixed Platforms.ActiveCfg = Debug_.NET 4.5|Any CPU
		{8C5A2D35-824E-4F52-9B18-B1AA19C42BDA}.Debug_.NET 4.5|Mixed Platforms.Build.0 = Debug_.NET 4.5|Any CPU
		{8C5A2D35-824E-4F52-9B18-B1AA19C42BDA}.Debug_.NET 4.5|Win32.ActiveCfg = Debug_.NET 4.5|Any CPU
		{8C5A2D35-824E-4F52-9B18-B1AA19C42BDA}.Debug_.NET 4.5|x64.ActiveCfg = Debug_.NET 4.5|Any CPU
		{8C5A2D35-824E-4F52-9B18-B1AA19C42BDA}.Debug_.NET 4.5|x86.ActiveCfg = Debug_.NET 4.5|Any CPU
		{8C5A2D35-824E-4F52-9B18-B1AA19C42BDA}.Debug|Any CPU.ActiveCfg = Debug|Any CPU
		{8C5A2D35-824E-4F52-9B18-B1AA19C42BDA}.Debug|Any CPU.Build.0 = Debug|Any CPU
		{8C5A2D35-824E-4F52-9B18-B1AA19C42BDA}.Debug|ARM.ActiveCfg = Debug|Any CPU
		{8C5A2D35-824E-4F52-9B18-B1AA19C42BDA}.Debug|Mixed Platforms.ActiveCfg = Debug|Any CPU
		{8C5A2D35-824E-4F52-9B18-B1AA19C42BDA}.Debug|Mixed Platforms.Build.0 = Debug|Any CPU
		{8C5A2D35-824E-4F52-9B18-B1AA19C42BDA}.Debug|Win32.ActiveCfg = Debug|Any CPU
		{8C5A2D35-824E-4F52-9B18-B1AA19C42BDA}.Debug|x64.ActiveCfg = Debug|Any CPU
		{8C5A2D35-824E-4F52-9B18-B1AA19C42BDA}.Debug|x86.ActiveCfg = Debug|Any CPU
		{8C5A2D35-824E-4F52-9B18-B1AA19C42BDA}.Release|Any CPU.ActiveCfg = Release|Any CPU
		{8C5A2D35-824E-4F52-9B18-B1AA19C42BDA}.Release|Any CPU.Build.0 = Release|Any CPU
		{8C5A2D35-824E-4F52-9B18-B1AA19C42BDA}.Release|ARM.ActiveCfg = Release|Any CPU
		{8C5A2D35-824E-4F52-9B18-B1AA19C42BDA}.Release|Mixed Platforms.ActiveCfg = Release|Any CPU
		{8C5A2D35-824E-4F52-9B18-B1AA19C42BDA}.Release|Mixed Platforms.Build.0 = Release|Any CPU
		{8C5A2D35-824E-4F52-9B18-B1AA19C42BDA}.Release|Win32.ActiveCfg = Release|Any CPU
		{8C5A2D35-824E-4F52-9B18-B1AA19C42BDA}.Release|x64.ActiveCfg = Release|Any CPU
		{8C5A2D35-824E-4F52-9B18-B1AA19C42BDA}.Release|x86.ActiveCfg = Release|Any CPU
		{9BDB1749-97EF-43BD-9E0C-E5DCD552D6FC}.Debug_.NET 4.5|Any CPU.ActiveCfg = Debug|Any CPU
		{9BDB1749-97EF-43BD-9E0C-E5DCD552D6FC}.Debug_.NET 4.5|Any CPU.Build.0 = Debug|Any CPU
		{9BDB1749-97EF-43BD-9E0C-E5DCD552D6FC}.Debug_.NET 4.5|ARM.ActiveCfg = Debug|ARM
		{9BDB1749-97EF-43BD-9E0C-E5DCD552D6FC}.Debug_.NET 4.5|ARM.Build.0 = Debug|ARM
		{9BDB1749-97EF-43BD-9E0C-E5DCD552D6FC}.Debug_.NET 4.5|Mixed Platforms.ActiveCfg = Debug|x86
		{9BDB1749-97EF-43BD-9E0C-E5DCD552D6FC}.Debug_.NET 4.5|Mixed Platforms.Build.0 = Debug|x86
		{9BDB1749-97EF-43BD-9E0C-E5DCD552D6FC}.Debug_.NET 4.5|Win32.ActiveCfg = Debug|x86
		{9BDB1749-97EF-43BD-9E0C-E5DCD552D6FC}.Debug_.NET 4.5|Win32.Build.0 = Debug|x86
		{9BDB1749-97EF-43BD-9E0C-E5DCD552D6FC}.Debug_.NET 4.5|x64.ActiveCfg = Debug|Any CPU
		{9BDB1749-97EF-43BD-9E0C-E5DCD552D6FC}.Debug_.NET 4.5|x86.ActiveCfg = Debug|x86
		{9BDB1749-97EF-43BD-9E0C-E5DCD552D6FC}.Debug_.NET 4.5|x86.Build.0 = Debug|x86
		{9BDB1749-97EF-43BD-9E0C-E5DCD552D6FC}.Debug|Any CPU.ActiveCfg = Debug|Any CPU
		{9BDB1749-97EF-43BD-9E0C-E5DCD552D6FC}.Debug|Any CPU.Build.0 = Debug|Any CPU
		{9BDB1749-97EF-43BD-9E0C-E5DCD552D6FC}.Debug|ARM.ActiveCfg = Debug|ARM
		{9BDB1749-97EF-43BD-9E0C-E5DCD552D6FC}.Debug|ARM.Build.0 = Debug|ARM
		{9BDB1749-97EF-43BD-9E0C-E5DCD552D6FC}.Debug|Mixed Platforms.ActiveCfg = Debug|Any CPU
		{9BDB1749-97EF-43BD-9E0C-E5DCD552D6FC}.Debug|Mixed Platforms.Build.0 = Debug|Any CPU
		{9BDB1749-97EF-43BD-9E0C-E5DCD552D6FC}.Debug|Win32.ActiveCfg = Debug|x86
		{9BDB1749-97EF-43BD-9E0C-E5DCD552D6FC}.Debug|Win32.Build.0 = Debug|x86
		{9BDB1749-97EF-43BD-9E0C-E5DCD552D6FC}.Debug|x64.ActiveCfg = Debug|Any CPU
		{9BDB1749-97EF-43BD-9E0C-E5DCD552D6FC}.Debug|x86.ActiveCfg = Debug|x86
		{9BDB1749-97EF-43BD-9E0C-E5DCD552D6FC}.Debug|x86.Build.0 = Debug|x86
		{9BDB1749-97EF-43BD-9E0C-E5DCD552D6FC}.Release|Any CPU.ActiveCfg = Release|Any CPU
		{9BDB1749-97EF-43BD-9E0C-E5DCD552D6FC}.Release|Any CPU.Build.0 = Release|Any CPU
		{9BDB1749-97EF-43BD-9E0C-E5DCD552D6FC}.Release|ARM.ActiveCfg = Release|ARM
		{9BDB1749-97EF-43BD-9E0C-E5DCD552D6FC}.Release|ARM.Build.0 = Release|ARM
		{9BDB1749-97EF-43BD-9E0C-E5DCD552D6FC}.Release|Mixed Platforms.ActiveCfg = Release|x86
		{9BDB1749-97EF-43BD-9E0C-E5DCD552D6FC}.Release|Mixed Platforms.Build.0 = Release|x86
		{9BDB1749-97EF-43BD-9E0C-E5DCD552D6FC}.Release|Win32.ActiveCfg = Release|x86
		{9BDB1749-97EF-43BD-9E0C-E5DCD552D6FC}.Release|Win32.Build.0 = Release|x86
		{9BDB1749-97EF-43BD-9E0C-E5DCD552D6FC}.Release|x64.ActiveCfg = Release|Any CPU
		{9BDB1749-97EF-43BD-9E0C-E5DCD552D6FC}.Release|x86.ActiveCfg = Release|x86
		{9BDB1749-97EF-43BD-9E0C-E5DCD552D6FC}.Release|x86.Build.0 = Release|x86
		{3BABC988-5FDE-4FFF-AF37-E9B62BC6E7F0}.Debug_.NET 4.5|Any CPU.ActiveCfg = Debug|Any CPU
		{3BABC988-5FDE-4FFF-AF37-E9B62BC6E7F0}.Debug_.NET 4.5|Any CPU.Build.0 = Debug|Any CPU
		{3BABC988-5FDE-4FFF-AF37-E9B62BC6E7F0}.Debug_.NET 4.5|Any CPU.Deploy.0 = Debug|Any CPU
		{3BABC988-5FDE-4FFF-AF37-E9B62BC6E7F0}.Debug_.NET 4.5|ARM.ActiveCfg = Debug|ARM
		{3BABC988-5FDE-4FFF-AF37-E9B62BC6E7F0}.Debug_.NET 4.5|ARM.Build.0 = Debug|ARM
		{3BABC988-5FDE-4FFF-AF37-E9B62BC6E7F0}.Debug_.NET 4.5|ARM.Deploy.0 = Debug|ARM
		{3BABC988-5FDE-4FFF-AF37-E9B62BC6E7F0}.Debug_.NET 4.5|Mixed Platforms.ActiveCfg = Debug|x86
		{3BABC988-5FDE-4FFF-AF37-E9B62BC6E7F0}.Debug_.NET 4.5|Mixed Platforms.Build.0 = Debug|x86
		{3BABC988-5FDE-4FFF-AF37-E9B62BC6E7F0}.Debug_.NET 4.5|Mixed Platforms.Deploy.0 = Debug|x86
		{3BABC988-5FDE-4FFF-AF37-E9B62BC6E7F0}.Debug_.NET 4.5|Win32.ActiveCfg = Debug|x86
		{3BABC988-5FDE-4FFF-AF37-E9B62BC6E7F0}.Debug_.NET 4.5|Win32.Build.0 = Debug|x86
		{3BABC988-5FDE-4FFF-AF37-E9B62BC6E7F0}.Debug_.NET 4.5|Win32.Deploy.0 = Debug|x86
		{3BABC988-5FDE-4FFF-AF37-E9B62BC6E7F0}.Debug_.NET 4.5|x64.ActiveCfg = Debug|Any CPU
		{3BABC988-5FDE-4FFF-AF37-E9B62BC6E7F0}.Debug_.NET 4.5|x86.ActiveCfg = Debug|x86
		{3BABC988-5FDE-4FFF-AF37-E9B62BC6E7F0}.Debug_.NET 4.5|x86.Build.0 = Debug|x86
		{3BABC988-5FDE-4FFF-AF37-E9B62BC6E7F0}.Debug_.NET 4.5|x86.Deploy.0 = Debug|x86
		{3BABC988-5FDE-4FFF-AF37-E9B62BC6E7F0}.Debug|Any CPU.ActiveCfg = Debug|Any CPU
		{3BABC988-5FDE-4FFF-AF37-E9B62BC6E7F0}.Debug|Any CPU.Build.0 = Debug|Any CPU
		{3BABC988-5FDE-4FFF-AF37-E9B62BC6E7F0}.Debug|Any CPU.Deploy.0 = Debug|Any CPU
		{3BABC988-5FDE-4FFF-AF37-E9B62BC6E7F0}.Debug|ARM.ActiveCfg = Debug|ARM
		{3BABC988-5FDE-4FFF-AF37-E9B62BC6E7F0}.Debug|ARM.Build.0 = Debug|ARM
		{3BABC988-5FDE-4FFF-AF37-E9B62BC6E7F0}.Debug|ARM.Deploy.0 = Debug|ARM
		{3BABC988-5FDE-4FFF-AF37-E9B62BC6E7F0}.Debug|Mixed Platforms.ActiveCfg = Debug|Any CPU
		{3BABC988-5FDE-4FFF-AF37-E9B62BC6E7F0}.Debug|Mixed Platforms.Build.0 = Debug|Any CPU
		{3BABC988-5FDE-4FFF-AF37-E9B62BC6E7F0}.Debug|Mixed Platforms.Deploy.0 = Debug|Any CPU
		{3BABC988-5FDE-4FFF-AF37-E9B62BC6E7F0}.Debug|Win32.ActiveCfg = Debug|x86
		{3BABC988-5FDE-4FFF-AF37-E9B62BC6E7F0}.Debug|Win32.Build.0 = Debug|x86
		{3BABC988-5FDE-4FFF-AF37-E9B62BC6E7F0}.Debug|Win32.Deploy.0 = Debug|x86
		{3BABC988-5FDE-4FFF-AF37-E9B62BC6E7F0}.Debug|x64.ActiveCfg = Debug|Any CPU
		{3BABC988-5FDE-4FFF-AF37-E9B62BC6E7F0}.Debug|x86.ActiveCfg = Debug|x86
		{3BABC988-5FDE-4FFF-AF37-E9B62BC6E7F0}.Debug|x86.Build.0 = Debug|x86
		{3BABC988-5FDE-4FFF-AF37-E9B62BC6E7F0}.Debug|x86.Deploy.0 = Debug|x86
		{3BABC988-5FDE-4FFF-AF37-E9B62BC6E7F0}.Release|Any CPU.ActiveCfg = Release|Any CPU
		{3BABC988-5FDE-4FFF-AF37-E9B62BC6E7F0}.Release|Any CPU.Build.0 = Release|Any CPU
		{3BABC988-5FDE-4FFF-AF37-E9B62BC6E7F0}.Release|Any CPU.Deploy.0 = Release|Any CPU
		{3BABC988-5FDE-4FFF-AF37-E9B62BC6E7F0}.Release|ARM.ActiveCfg = Release|ARM
		{3BABC988-5FDE-4FFF-AF37-E9B62BC6E7F0}.Release|ARM.Build.0 = Release|ARM
		{3BABC988-5FDE-4FFF-AF37-E9B62BC6E7F0}.Release|ARM.Deploy.0 = Release|ARM
		{3BABC988-5FDE-4FFF-AF37-E9B62BC6E7F0}.Release|Mixed Platforms.ActiveCfg = Release|x86
		{3BABC988-5FDE-4FFF-AF37-E9B62BC6E7F0}.Release|Mixed Platforms.Build.0 = Release|x86
		{3BABC988-5FDE-4FFF-AF37-E9B62BC6E7F0}.Release|Mixed Platforms.Deploy.0 = Release|x86
		{3BABC988-5FDE-4FFF-AF37-E9B62BC6E7F0}.Release|Win32.ActiveCfg = Release|x86
		{3BABC988-5FDE-4FFF-AF37-E9B62BC6E7F0}.Release|Win32.Build.0 = Release|x86
		{3BABC988-5FDE-4FFF-AF37-E9B62BC6E7F0}.Release|Win32.Deploy.0 = Release|x86
		{3BABC988-5FDE-4FFF-AF37-E9B62BC6E7F0}.Release|x64.ActiveCfg = Release|Any CPU
		{3BABC988-5FDE-4FFF-AF37-E9B62BC6E7F0}.Release|x86.ActiveCfg = Release|x86
		{3BABC988-5FDE-4FFF-AF37-E9B62BC6E7F0}.Release|x86.Build.0 = Release|x86
		{3BABC988-5FDE-4FFF-AF37-E9B62BC6E7F0}.Release|x86.Deploy.0 = Release|x86
		{7A7BADA8-87A9-49E2-B939-5234276FF37C}.Debug_.NET 4.5|Any CPU.ActiveCfg = Debug|Any CPU
		{7A7BADA8-87A9-49E2-B939-5234276FF37C}.Debug_.NET 4.5|Any CPU.Build.0 = Debug|Any CPU
		{7A7BADA8-87A9-49E2-B939-5234276FF37C}.Debug_.NET 4.5|ARM.ActiveCfg = Debug|ARM
		{7A7BADA8-87A9-49E2-B939-5234276FF37C}.Debug_.NET 4.5|ARM.Build.0 = Debug|ARM
		{7A7BADA8-87A9-49E2-B939-5234276FF37C}.Debug_.NET 4.5|Mixed Platforms.ActiveCfg = Debug|x86
		{7A7BADA8-87A9-49E2-B939-5234276FF37C}.Debug_.NET 4.5|Mixed Platforms.Build.0 = Debug|x86
		{7A7BADA8-87A9-49E2-B939-5234276FF37C}.Debug_.NET 4.5|Win32.ActiveCfg = Debug|x86
		{7A7BADA8-87A9-49E2-B939-5234276FF37C}.Debug_.NET 4.5|Win32.Build.0 = Debug|x86
		{7A7BADA8-87A9-49E2-B939-5234276FF37C}.Debug_.NET 4.5|x64.ActiveCfg = Debug|Any CPU
		{7A7BADA8-87A9-49E2-B939-5234276FF37C}.Debug_.NET 4.5|x86.ActiveCfg = Debug|x86
		{7A7BADA8-87A9-49E2-B939-5234276FF37C}.Debug_.NET 4.5|x86.Build.0 = Debug|x86
		{7A7BADA8-87A9-49E2-B939-5234276FF37C}.Debug|Any CPU.ActiveCfg = Debug|Any CPU
		{7A7BADA8-87A9-49E2-B939-5234276FF37C}.Debug|Any CPU.Build.0 = Debug|Any CPU
		{7A7BADA8-87A9-49E2-B939-5234276FF37C}.Debug|ARM.ActiveCfg = Debug|ARM
		{7A7BADA8-87A9-49E2-B939-5234276FF37C}.Debug|ARM.Build.0 = Debug|ARM
		{7A7BADA8-87A9-49E2-B939-5234276FF37C}.Debug|Mixed Platforms.ActiveCfg = Debug|Any CPU
		{7A7BADA8-87A9-49E2-B939-5234276FF37C}.Debug|Mixed Platforms.Build.0 = Debug|Any CPU
		{7A7BADA8-87A9-49E2-B939-5234276FF37C}.Debug|Win32.ActiveCfg = Debug|x86
		{7A7BADA8-87A9-49E2-B939-5234276FF37C}.Debug|Win32.Build.0 = Debug|x86
		{7A7BADA8-87A9-49E2-B939-5234276FF37C}.Debug|x64.ActiveCfg = Debug|Any CPU
		{7A7BADA8-87A9-49E2-B939-5234276FF37C}.Debug|x86.ActiveCfg = Debug|x86
		{7A7BADA8-87A9-49E2-B939-5234276FF37C}.Debug|x86.Build.0 = Debug|x86
		{7A7BADA8-87A9-49E2-B939-5234276FF37C}.Release|Any CPU.ActiveCfg = Release|Any CPU
		{7A7BADA8-87A9-49E2-B939-5234276FF37C}.Release|Any CPU.Build.0 = Release|Any CPU
		{7A7BADA8-87A9-49E2-B939-5234276FF37C}.Release|ARM.ActiveCfg = Release|ARM
		{7A7BADA8-87A9-49E2-B939-5234276FF37C}.Release|ARM.Build.0 = Release|ARM
		{7A7BADA8-87A9-49E2-B939-5234276FF37C}.Release|Mixed Platforms.ActiveCfg = Release|x86
		{7A7BADA8-87A9-49E2-B939-5234276FF37C}.Release|Mixed Platforms.Build.0 = Release|x86
		{7A7BADA8-87A9-49E2-B939-5234276FF37C}.Release|Win32.ActiveCfg = Release|x86
		{7A7BADA8-87A9-49E2-B939-5234276FF37C}.Release|Win32.Build.0 = Release|x86
		{7A7BADA8-87A9-49E2-B939-5234276FF37C}.Release|x64.ActiveCfg = Release|Any CPU
		{7A7BADA8-87A9-49E2-B939-5234276FF37C}.Release|x86.ActiveCfg = Release|x86
		{7A7BADA8-87A9-49E2-B939-5234276FF37C}.Release|x86.Build.0 = Release|x86
		{8D2E234F-3142-44FF-9BC6-B24BFCD22E1A}.Debug_.NET 4.5|Any CPU.ActiveCfg = Debug|Any CPU
		{8D2E234F-3142-44FF-9BC6-B24BFCD22E1A}.Debug_.NET 4.5|Any CPU.Build.0 = Debug|Any CPU
		{8D2E234F-3142-44FF-9BC6-B24BFCD22E1A}.Debug_.NET 4.5|ARM.ActiveCfg = Debug|ARM
		{8D2E234F-3142-44FF-9BC6-B24BFCD22E1A}.Debug_.NET 4.5|ARM.Build.0 = Debug|ARM
		{8D2E234F-3142-44FF-9BC6-B24BFCD22E1A}.Debug_.NET 4.5|Mixed Platforms.ActiveCfg = Debug|x86
		{8D2E234F-3142-44FF-9BC6-B24BFCD22E1A}.Debug_.NET 4.5|Mixed Platforms.Build.0 = Debug|x86
		{8D2E234F-3142-44FF-9BC6-B24BFCD22E1A}.Debug_.NET 4.5|Win32.ActiveCfg = Debug|x86
		{8D2E234F-3142-44FF-9BC6-B24BFCD22E1A}.Debug_.NET 4.5|Win32.Build.0 = Debug|x86
		{8D2E234F-3142-44FF-9BC6-B24BFCD22E1A}.Debug_.NET 4.5|x64.ActiveCfg = Debug|Any CPU
		{8D2E234F-3142-44FF-9BC6-B24BFCD22E1A}.Debug_.NET 4.5|x86.ActiveCfg = Debug|x86
		{8D2E234F-3142-44FF-9BC6-B24BFCD22E1A}.Debug_.NET 4.5|x86.Build.0 = Debug|x86
		{8D2E234F-3142-44FF-9BC6-B24BFCD22E1A}.Debug|Any CPU.ActiveCfg = Debug|Any CPU
		{8D2E234F-3142-44FF-9BC6-B24BFCD22E1A}.Debug|Any CPU.Build.0 = Debug|Any CPU
		{8D2E234F-3142-44FF-9BC6-B24BFCD22E1A}.Debug|ARM.ActiveCfg = Debug|ARM
		{8D2E234F-3142-44FF-9BC6-B24BFCD22E1A}.Debug|ARM.Build.0 = Debug|ARM
		{8D2E234F-3142-44FF-9BC6-B24BFCD22E1A}.Debug|Mixed Platforms.ActiveCfg = Debug|Any CPU
		{8D2E234F-3142-44FF-9BC6-B24BFCD22E1A}.Debug|Mixed Platforms.Build.0 = Debug|Any CPU
		{8D2E234F-3142-44FF-9BC6-B24BFCD22E1A}.Debug|Mixed Platforms.Deploy.0 = Debug|Any CPU
		{8D2E234F-3142-44FF-9BC6-B24BFCD22E1A}.Debug|Win32.ActiveCfg = Debug|x86
		{8D2E234F-3142-44FF-9BC6-B24BFCD22E1A}.Debug|Win32.Build.0 = Debug|x86
		{8D2E234F-3142-44FF-9BC6-B24BFCD22E1A}.Debug|x64.ActiveCfg = Debug|Any CPU
		{8D2E234F-3142-44FF-9BC6-B24BFCD22E1A}.Debug|x86.ActiveCfg = Debug|x86
		{8D2E234F-3142-44FF-9BC6-B24BFCD22E1A}.Debug|x86.Build.0 = Debug|x86
		{8D2E234F-3142-44FF-9BC6-B24BFCD22E1A}.Release|Any CPU.ActiveCfg = Release|Any CPU
		{8D2E234F-3142-44FF-9BC6-B24BFCD22E1A}.Release|Any CPU.Build.0 = Release|Any CPU
		{8D2E234F-3142-44FF-9BC6-B24BFCD22E1A}.Release|ARM.ActiveCfg = Release|ARM
		{8D2E234F-3142-44FF-9BC6-B24BFCD22E1A}.Release|ARM.Build.0 = Release|ARM
		{8D2E234F-3142-44FF-9BC6-B24BFCD22E1A}.Release|Mixed Platforms.ActiveCfg = Release|x86
		{8D2E234F-3142-44FF-9BC6-B24BFCD22E1A}.Release|Mixed Platforms.Build.0 = Release|x86
		{8D2E234F-3142-44FF-9BC6-B24BFCD22E1A}.Release|Win32.ActiveCfg = Release|x86
		{8D2E234F-3142-44FF-9BC6-B24BFCD22E1A}.Release|Win32.Build.0 = Release|x86
		{8D2E234F-3142-44FF-9BC6-B24BFCD22E1A}.Release|x64.ActiveCfg = Release|Any CPU
		{8D2E234F-3142-44FF-9BC6-B24BFCD22E1A}.Release|x86.ActiveCfg = Release|x86
		{8D2E234F-3142-44FF-9BC6-B24BFCD22E1A}.Release|x86.Build.0 = Release|x86
		{05CC4102-451C-4EB5-8FEA-614F5B49AB2D}.Debug_.NET 4.5|Any CPU.ActiveCfg = Debug|Any CPU
		{05CC4102-451C-4EB5-8FEA-614F5B49AB2D}.Debug_.NET 4.5|Any CPU.Build.0 = Debug|Any CPU
		{05CC4102-451C-4EB5-8FEA-614F5B49AB2D}.Debug_.NET 4.5|ARM.ActiveCfg = Debug|Any CPU
		{05CC4102-451C-4EB5-8FEA-614F5B49AB2D}.Debug_.NET 4.5|Mixed Platforms.ActiveCfg = Debug|Any CPU
		{05CC4102-451C-4EB5-8FEA-614F5B49AB2D}.Debug_.NET 4.5|Mixed Platforms.Build.0 = Debug|Any CPU
		{05CC4102-451C-4EB5-8FEA-614F5B49AB2D}.Debug_.NET 4.5|Win32.ActiveCfg = Debug|x86
		{05CC4102-451C-4EB5-8FEA-614F5B49AB2D}.Debug_.NET 4.5|Win32.Build.0 = Debug|x86
		{05CC4102-451C-4EB5-8FEA-614F5B49AB2D}.Debug_.NET 4.5|x64.ActiveCfg = Debug|Any CPU
		{05CC4102-451C-4EB5-8FEA-614F5B49AB2D}.Debug_.NET 4.5|x86.ActiveCfg = Debug|Any CPU
		{05CC4102-451C-4EB5-8FEA-614F5B49AB2D}.Debug|Any CPU.ActiveCfg = Debug|Any CPU
		{05CC4102-451C-4EB5-8FEA-614F5B49AB2D}.Debug|Any CPU.Build.0 = Debug|Any CPU
		{05CC4102-451C-4EB5-8FEA-614F5B49AB2D}.Debug|ARM.ActiveCfg = Debug|Any CPU
		{05CC4102-451C-4EB5-8FEA-614F5B49AB2D}.Debug|Mixed Platforms.ActiveCfg = Debug|Any CPU
		{05CC4102-451C-4EB5-8FEA-614F5B49AB2D}.Debug|Mixed Platforms.Build.0 = Debug|Any CPU
		{05CC4102-451C-4EB5-8FEA-614F5B49AB2D}.Debug|Win32.ActiveCfg = Debug|x86
		{05CC4102-451C-4EB5-8FEA-614F5B49AB2D}.Debug|Win32.Build.0 = Debug|x86
		{05CC4102-451C-4EB5-8FEA-614F5B49AB2D}.Debug|x64.ActiveCfg = Debug|Any CPU
		{05CC4102-451C-4EB5-8FEA-614F5B49AB2D}.Debug|x86.ActiveCfg = Debug|Any CPU
		{05CC4102-451C-4EB5-8FEA-614F5B49AB2D}.Release|Any CPU.ActiveCfg = Release|Any CPU
		{05CC4102-451C-4EB5-8FEA-614F5B49AB2D}.Release|Any CPU.Build.0 = Release|Any CPU
		{05CC4102-451C-4EB5-8FEA-614F5B49AB2D}.Release|ARM.ActiveCfg = Release|Any CPU
		{05CC4102-451C-4EB5-8FEA-614F5B49AB2D}.Release|Mixed Platforms.ActiveCfg = Release|Any CPU
		{05CC4102-451C-4EB5-8FEA-614F5B49AB2D}.Release|Mixed Platforms.Build.0 = Release|Any CPU
		{05CC4102-451C-4EB5-8FEA-614F5B49AB2D}.Release|Win32.ActiveCfg = Release|x86
		{05CC4102-451C-4EB5-8FEA-614F5B49AB2D}.Release|Win32.Build.0 = Release|x86
		{05CC4102-451C-4EB5-8FEA-614F5B49AB2D}.Release|x64.ActiveCfg = Release|Any CPU
		{05CC4102-451C-4EB5-8FEA-614F5B49AB2D}.Release|x86.ActiveCfg = Release|Any CPU
		{0B31880A-1980-42C9-8261-B4DC43F8E577}.Debug_.NET 4.5|Any CPU.ActiveCfg = Debug|Win32
		{0B31880A-1980-42C9-8261-B4DC43F8E577}.Debug_.NET 4.5|ARM.ActiveCfg = Debug|ARM
		{0B31880A-1980-42C9-8261-B4DC43F8E577}.Debug_.NET 4.5|ARM.Build.0 = Debug|ARM
		{0B31880A-1980-42C9-8261-B4DC43F8E577}.Debug_.NET 4.5|Mixed Platforms.ActiveCfg = Debug|Win32
		{0B31880A-1980-42C9-8261-B4DC43F8E577}.Debug_.NET 4.5|Mixed Platforms.Build.0 = Debug|Win32
		{0B31880A-1980-42C9-8261-B4DC43F8E577}.Debug_.NET 4.5|Win32.ActiveCfg = Debug|Win32
		{0B31880A-1980-42C9-8261-B4DC43F8E577}.Debug_.NET 4.5|Win32.Build.0 = Debug|Win32
		{0B31880A-1980-42C9-8261-B4DC43F8E577}.Debug_.NET 4.5|x64.ActiveCfg = Debug|Win32
		{0B31880A-1980-42C9-8261-B4DC43F8E577}.Debug_.NET 4.5|x86.ActiveCfg = Debug|Win32
		{0B31880A-1980-42C9-8261-B4DC43F8E577}.Debug_.NET 4.5|x86.Build.0 = Debug|Win32
		{0B31880A-1980-42C9-8261-B4DC43F8E577}.Debug|Any CPU.ActiveCfg = Debug|Win32
		{0B31880A-1980-42C9-8261-B4DC43F8E577}.Debug|ARM.ActiveCfg = Debug|ARM
		{0B31880A-1980-42C9-8261-B4DC43F8E577}.Debug|ARM.Build.0 = Debug|ARM
		{0B31880A-1980-42C9-8261-B4DC43F8E577}.Debug|Mixed Platforms.ActiveCfg = Debug|Win32
		{0B31880A-1980-42C9-8261-B4DC43F8E577}.Debug|Mixed Platforms.Build.0 = Debug|Win32
		{0B31880A-1980-42C9-8261-B4DC43F8E577}.Debug|Win32.ActiveCfg = Debug|Win32
		{0B31880A-1980-42C9-8261-B4DC43F8E577}.Debug|Win32.Build.0 = Debug|Win32
		{0B31880A-1980-42C9-8261-B4DC43F8E577}.Debug|x64.ActiveCfg = Debug|Win32
		{0B31880A-1980-42C9-8261-B4DC43F8E577}.Debug|x86.ActiveCfg = Debug|Win32
		{0B31880A-1980-42C9-8261-B4DC43F8E577}.Debug|x86.Build.0 = Debug|Win32
		{0B31880A-1980-42C9-8261-B4DC43F8E577}.Release|Any CPU.ActiveCfg = Release|Win32
		{0B31880A-1980-42C9-8261-B4DC43F8E577}.Release|ARM.ActiveCfg = Release|ARM
		{0B31880A-1980-42C9-8261-B4DC43F8E577}.Release|ARM.Build.0 = Release|ARM
		{0B31880A-1980-42C9-8261-B4DC43F8E577}.Release|Mixed Platforms.ActiveCfg = Release|Win32
		{0B31880A-1980-42C9-8261-B4DC43F8E577}.Release|Mixed Platforms.Build.0 = Release|Win32
		{0B31880A-1980-42C9-8261-B4DC43F8E577}.Release|Win32.ActiveCfg = Release|Win32
		{0B31880A-1980-42C9-8261-B4DC43F8E577}.Release|Win32.Build.0 = Release|Win32
		{0B31880A-1980-42C9-8261-B4DC43F8E577}.Release|x64.ActiveCfg = Release|Win32
		{0B31880A-1980-42C9-8261-B4DC43F8E577}.Release|x86.ActiveCfg = Release|Win32
		{0B31880A-1980-42C9-8261-B4DC43F8E577}.Release|x86.Build.0 = Release|Win32
	EndGlobalSection
	GlobalSection(SolutionProperties) = preSolution
		HideSolutionNode = FALSE
	EndGlobalSection
	GlobalSection(NestedProjects) = preSolution
		{4D1B194D-28DB-4A93-93A1-83EF90302F6B} = {200088CB-9153-47A0-A77F-F44990139533}
		{8C5A2D35-824E-4F52-9B18-B1AA19C42BDA} = {200088CB-9153-47A0-A77F-F44990139533}
		{9BDB1749-97EF-43BD-9E0C-E5DCD552D6FC} = {200088CB-9153-47A0-A77F-F44990139533}
		{05CC4102-451C-4EB5-8FEA-614F5B49AB2D} = {200088CB-9153-47A0-A77F-F44990139533}
		{0B31880A-1980-42C9-8261-B4DC43F8E577} = {200088CB-9153-47A0-A77F-F44990139533}
		{CEAD1353-80CD-4CF8-8A71-3347265574A8} = {4D5DFD16-7EC8-483C-9F91-86E1167AC3CC}
		{7A7BADA8-87A9-49E2-B939-5234276FF37C} = {685A7992-9EAC-4CC2-85A1-9F2526068389}
		{8D2E234F-3142-44FF-9BC6-B24BFCD22E1A} = {685A7992-9EAC-4CC2-85A1-9F2526068389}
	EndGlobalSection
EndGlobal
